
Microsoft Visual Studio Solution File, Format Version 12.00
# Visual Studio Version 17
VisualStudioVersion = 17.13.35806.99
MinimumVisualStudioVersion = 10.0.40219.1
Project("{FAE04EC0-301F-11D3-BF4B-00C04F79EFBC}") = "Umanhan.WebPortal.Spa", "Umanhan.WebPortal.Spa\Umanhan.WebPortal.Spa.csproj", "{732152B3-282F-4FC0-8603-67FAA5BD4FBB}"
EndProject
Project("{FAE04EC0-301F-11D3-BF4B-00C04F79EFBC}") = "Umanhan.UserManager.Api", "Umanhan.UserManager.Api\Umanhan.UserManager.Api.csproj", "{520FE79D-D5F2-4760-9E0D-D323DD585485}"
EndProject
Project("{FAE04EC0-301F-11D3-BF4B-00C04F79EFBC}") = "Umanhan.AppHost", "Umanhan.AppHost\Umanhan.AppHost.csproj", "{9386430E-C218-465B-A332-A61166E798D3}"
EndProject
Project("{FAE04EC0-301F-11D3-BF4B-00C04F79EFBC}") = "Umanhan.Models", "Umanhan.Models\Umanhan.Models.csproj", "{E9334770-778B-4482-8E35-2FEC99AF7046}"
EndProject
Project("{FAE04EC0-301F-11D3-BF4B-00C04F79EFBC}") = "Umanhan.Repositories", "Umanhan.Repositories\Umanhan.Repositories.csproj", "{8D7A4C0E-F255-47F4-A429-5D324DB79D61}"
EndProject
Project("{FAE04EC0-301F-11D3-BF4B-00C04F79EFBC}") = "Umanhan.Services", "Umanhan.Services\Umanhan.Services.csproj", "{ED05BC7A-988E-4294-B152-651E416A62FA}"
EndProject
Project("{FAE04EC0-301F-11D3-BF4B-00C04F79EFBC}") = "Umanhan.Operations.Api", "Umanhan.Operations.Api\Umanhan.Operations.Api.csproj", "{B6F4A147-B109-4D7A-991C-647E52C921A7}"
EndProject
Project("{FAE04EC0-301F-11D3-BF4B-00C04F79EFBC}") = "Umanhan.Masterdata.Api", "Umanhan.Masterdata.Api\Umanhan.Masterdata.Api.csproj", "{70A742FF-4173-4E00-B774-FB2B140B3EEB}"
EndProject
Project("{FAE04EC0-301F-11D3-BF4B-00C04F79EFBC}") = "Umanhan.Reports.Api", "Umanhan.Reports.Api\Umanhan.Reports.Api.csproj", "{C06E5444-36C9-4B86-99F0-3F8731F93A28}"
EndProject
Project("{FAE04EC0-301F-11D3-BF4B-00C04F79EFBC}") = "Umanhan.Weather.Api", "Umanhan.Weather.Api\Umanhan.Weather.Api.csproj", "{D6F382C1-DF75-4B28-959C-B60E7EAAB784}"
EndProject
Project("{FAE04EC0-301F-11D3-BF4B-00C04F79EFBC}") = "Umanhan.Nlp.Api", "Umanhan.Nlp.Api\Umanhan.Nlp.Api.csproj", "{A36B383D-BA47-4DFE-8144-C4EF5725A9C8}"
EndProject
Project("{FAE04EC0-301F-11D3-BF4B-00C04F79EFBC}") = "Umanhan.SecretsManager.Api", "Umanhan.SecretsManager.Api\Umanhan.SecretsManager.Api.csproj", "{EDCD1E43-CE8E-45F5-BAF8-18B79608BFF1}"
EndProject
Project("{FAE04EC0-301F-11D3-BF4B-00C04F79EFBC}") = "Umanhan.Logs.Api", "Umanhan.Logs.Api\Umanhan.Logs.Api.csproj", "{B4675A06-3014-4331-9234-EB0D48359585}"
EndProject
Project("{2150E333-8FDC-42A3-9474-1A3956D46DE8}") = "Services", "Services", "{02EA681E-C7D8-13C7-8484-4AC65E1B71E8}"
EndProject
Project("{2150E333-8FDC-42A3-9474-1A3956D46DE8}") = "Clients", "Clients", "{C7151990-0E1E-42E1-BC4E-F9D941F4034F}"
EndProject
Project("{2150E333-8FDC-42A3-9474-1A3956D46DE8}") = "Infrastructure", "Infrastructure", "{5CC7C792-CA64-446D-8921-4B2ED251204C}"
EndProject
Project("{2150E333-8FDC-42A3-9474-1A3956D46DE8}") = "Domain", "Domain", "{B928A20A-4765-4DED-AA05-5754837A85A0}"
EndProject
Project("{2150E333-8FDC-42A3-9474-1A3956D46DE8}") = "Core", "Core", "{0085A1BD-2595-4C3F-BCA2-1B665A8D0C61}"
EndProject
Project("{FAE04EC0-301F-11D3-BF4B-00C04F79EFBC}") = "Umanhan.Settings.Api", "Umanhan.Settings.Api\Umanhan.Settings.Api.csproj", "{0AF0E73E-4A36-4CE8-A8E7-1DD5294BF441}"
EndProject
Project("{FAE04EC0-301F-11D3-BF4B-00C04F79EFBC}") = "Umanhan.Shared", "Umanhan.Shared\Umanhan.Shared.csproj", "{DEEDEBC1-8859-41BF-A8C4-2E974EDA7BDF}"
EndProject
Project("{FAE04EC0-301F-11D3-BF4B-00C04F79EFBC}") = "Umanhan.DashboardKpis.Job", "Umanhan.DashboardKpis.Job\src\Umanhan.DashboardKpis.Job\Umanhan.DashboardKpis.Job.csproj", "{E8FBAEEE-360E-4545-853A-C8AFE338388A}"
EndProject
Project("{FAE04EC0-301F-11D3-BF4B-00C04F79EFBC}") = "Umanhan.Dtos", "Umanhan.Dtos\Umanhan.Dtos.csproj", "{EBC80C65-FD80-4182-A07B-BDEE76B62849}"
EndProject
Global
	GlobalSection(SolutionConfigurationPlatforms) = preSolution
		Debug|Any CPU = Debug|Any CPU
		Release|Any CPU = Release|Any CPU
	EndGlobalSection
	GlobalSection(ProjectConfigurationPlatforms) = postSolution
		{732152B3-282F-4FC0-8603-67FAA5BD4FBB}.Debug|Any CPU.ActiveCfg = Debug|Any CPU
		{732152B3-282F-4FC0-8603-67FAA5BD4FBB}.Debug|Any CPU.Build.0 = Debug|Any CPU
		{732152B3-282F-4FC0-8603-67FAA5BD4FBB}.Release|Any CPU.ActiveCfg = Release|Any CPU
		{732152B3-282F-4FC0-8603-67FAA5BD4FBB}.Release|Any CPU.Build.0 = Release|Any CPU
		{520FE79D-D5F2-4760-9E0D-D323DD585485}.Debug|Any CPU.ActiveCfg = Debug|Any CPU
		{520FE79D-D5F2-4760-9E0D-D323DD585485}.Debug|Any CPU.Build.0 = Debug|Any CPU
		{520FE79D-D5F2-4760-9E0D-D323DD585485}.Release|Any CPU.ActiveCfg = Release|Any CPU
		{520FE79D-D5F2-4760-9E0D-D323DD585485}.Release|Any CPU.Build.0 = Release|Any CPU
		{9386430E-C218-465B-A332-A61166E798D3}.Debug|Any CPU.ActiveCfg = Debug|Any CPU
		{9386430E-C218-465B-A332-A61166E798D3}.Debug|Any CPU.Build.0 = Debug|Any CPU
		{9386430E-C218-465B-A332-A61166E798D3}.Release|Any CPU.ActiveCfg = Release|Any CPU
		{9386430E-C218-465B-A332-A61166E798D3}.Release|Any CPU.Build.0 = Release|Any CPU
		{E9334770-778B-4482-8E35-2FEC99AF7046}.Debug|Any CPU.ActiveCfg = Debug|Any CPU
		{E9334770-778B-4482-8E35-2FEC99AF7046}.Debug|Any CPU.Build.0 = Debug|Any CPU
		{E9334770-778B-4482-8E35-2FEC99AF7046}.Release|Any CPU.ActiveCfg = Release|Any CPU
		{E9334770-778B-4482-8E35-2FEC99AF7046}.Release|Any CPU.Build.0 = Release|Any CPU
		{8D7A4C0E-F255-47F4-A429-5D324DB79D61}.Debug|Any CPU.ActiveCfg = Debug|Any CPU
		{8D7A4C0E-F255-47F4-A429-5D324DB79D61}.Debug|Any CPU.Build.0 = Debug|Any CPU
		{8D7A4C0E-F255-47F4-A429-5D324DB79D61}.Release|Any CPU.ActiveCfg = Release|Any CPU
		{8D7A4C0E-F255-47F4-A429-5D324DB79D61}.Release|Any CPU.Build.0 = Release|Any CPU
		{ED05BC7A-988E-4294-B152-651E416A62FA}.Debug|Any CPU.ActiveCfg = Debug|Any CPU
		{ED05BC7A-988E-4294-B152-651E416A62FA}.Debug|Any CPU.Build.0 = Debug|Any CPU
		{ED05BC7A-988E-4294-B152-651E416A62FA}.Release|Any CPU.ActiveCfg = Release|Any CPU
		{ED05BC7A-988E-4294-B152-651E416A62FA}.Release|Any CPU.Build.0 = Release|Any CPU
		{B6F4A147-B109-4D7A-991C-647E52C921A7}.Debug|Any CPU.ActiveCfg = Debug|Any CPU
		{B6F4A147-B109-4D7A-991C-647E52C921A7}.Debug|Any CPU.Build.0 = Debug|Any CPU
		{B6F4A147-B109-4D7A-991C-647E52C921A7}.Release|Any CPU.ActiveCfg = Release|Any CPU
		{B6F4A147-B109-4D7A-991C-647E52C921A7}.Release|Any CPU.Build.0 = Release|Any CPU
		{70A742FF-4173-4E00-B774-FB2B140B3EEB}.Debug|Any CPU.ActiveCfg = Debug|Any CPU
		{70A742FF-4173-4E00-B774-FB2B140B3EEB}.Debug|Any CPU.Build.0 = Debug|Any CPU
		{70A742FF-4173-4E00-B774-FB2B140B3EEB}.Release|Any CPU.ActiveCfg = Release|Any CPU
		{70A742FF-4173-4E00-B774-FB2B140B3EEB}.Release|Any CPU.Build.0 = Release|Any CPU
		{C06E5444-36C9-4B86-99F0-3F8731F93A28}.Debug|Any CPU.ActiveCfg = Debug|Any CPU
		{C06E5444-36C9-4B86-99F0-3F8731F93A28}.Debug|Any CPU.Build.0 = Debug|Any CPU
		{C06E5444-36C9-4B86-99F0-3F8731F93A28}.Release|Any CPU.ActiveCfg = Release|Any CPU
		{C06E5444-36C9-4B86-99F0-3F8731F93A28}.Release|Any CPU.Build.0 = Release|Any CPU
		{D6F382C1-DF75-4B28-959C-B60E7EAAB784}.Debug|Any CPU.ActiveCfg = Debug|Any CPU
		{D6F382C1-DF75-4B28-959C-B60E7EAAB784}.Debug|Any CPU.Build.0 = Debug|Any CPU
		{D6F382C1-DF75-4B28-959C-B60E7EAAB784}.Release|Any CPU.ActiveCfg = Release|Any CPU
		{D6F382C1-DF75-4B28-959C-B60E7EAAB784}.Release|Any CPU.Build.0 = Release|Any CPU
		{A36B383D-BA47-4DFE-8144-C4EF5725A9C8}.Debug|Any CPU.ActiveCfg = Debug|Any CPU
		{A36B383D-BA47-4DFE-8144-C4EF5725A9C8}.Debug|Any CPU.Build.0 = Debug|Any CPU
		{A36B383D-BA47-4DFE-8144-C4EF5725A9C8}.Release|Any CPU.ActiveCfg = Release|Any CPU
		{A36B383D-BA47-4DFE-8144-C4EF5725A9C8}.Release|Any CPU.Build.0 = Release|Any CPU
		{EDCD1E43-CE8E-45F5-BAF8-18B79608BFF1}.Debug|Any CPU.ActiveCfg = Debug|Any CPU
		{EDCD1E43-CE8E-45F5-BAF8-18B79608BFF1}.Debug|Any CPU.Build.0 = Debug|Any CPU
		{EDCD1E43-CE8E-45F5-BAF8-18B79608BFF1}.Release|Any CPU.ActiveCfg = Release|Any CPU
		{EDCD1E43-CE8E-45F5-BAF8-18B79608BFF1}.Release|Any CPU.Build.0 = Release|Any CPU
		{B4675A06-3014-4331-9234-EB0D48359585}.Debug|Any CPU.ActiveCfg = Debug|Any CPU
		{B4675A06-3014-4331-9234-EB0D48359585}.Debug|Any CPU.Build.0 = Debug|Any CPU
		{B4675A06-3014-4331-9234-EB0D48359585}.Release|Any CPU.ActiveCfg = Release|Any CPU
		{B4675A06-3014-4331-9234-EB0D48359585}.Release|Any CPU.Build.0 = Release|Any CPU
		{0AF0E73E-4A36-4CE8-A8E7-1DD5294BF441}.Debug|Any CPU.ActiveCfg = Debug|Any CPU
		{0AF0E73E-4A36-4CE8-A8E7-1DD5294BF441}.Debug|Any CPU.Build.0 = Debug|Any CPU
		{0AF0E73E-4A36-4CE8-A8E7-1DD5294BF441}.Release|Any CPU.ActiveCfg = Release|Any CPU
		{0AF0E73E-4A36-4CE8-A8E7-1DD5294BF441}.Release|Any CPU.Build.0 = Release|Any CPU
		{DEEDEBC1-8859-41BF-A8C4-2E974EDA7BDF}.Debug|Any CPU.ActiveCfg = Debug|Any CPU
		{DEEDEBC1-8859-41BF-A8C4-2E974EDA7BDF}.Debug|Any CPU.Build.0 = Debug|Any CPU
		{DEEDEBC1-8859-41BF-A8C4-2E974EDA7BDF}.Release|Any CPU.ActiveCfg = Release|Any CPU
		{DEEDEBC1-8859-41BF-A8C4-2E974EDA7BDF}.Release|Any CPU.Build.0 = Release|Any CPU
		{E8FBAEEE-360E-4545-853A-C8AFE338388A}.Debug|Any CPU.ActiveCfg = Debug|Any CPU
		{E8FBAEEE-360E-4545-853A-C8AFE338388A}.Debug|Any CPU.Build.0 = Debug|Any CPU
		{E8FBAEEE-360E-4545-853A-C8AFE338388A}.Release|Any CPU.ActiveCfg = Release|Any CPU
		{E8FBAEEE-360E-4545-853A-C8AFE338388A}.Release|Any CPU.Build.0 = Release|Any CPU
		{EBC80C65-FD80-4182-A07B-BDEE76B62849}.Debug|Any CPU.ActiveCfg = Debug|Any CPU
		{EBC80C65-FD80-4182-A07B-BDEE76B62849}.Debug|Any CPU.Build.0 = Debug|Any CPU
		{EBC80C65-FD80-4182-A07B-BDEE76B62849}.Release|Any CPU.ActiveCfg = Release|Any CPU
		{EBC80C65-FD80-4182-A07B-BDEE76B62849}.Release|Any CPU.Build.0 = Release|Any CPU
	EndGlobalSection
	GlobalSection(SolutionProperties) = preSolution
		HideSolutionNode = FALSE
	EndGlobalSection
	GlobalSection(NestedProjects) = preSolution
		{732152B3-282F-4FC0-8603-67FAA5BD4FBB} = {C7151990-0E1E-42E1-BC4E-F9D941F4034F}
		{520FE79D-D5F2-4760-9E0D-D323DD585485} = {02EA681E-C7D8-13C7-8484-4AC65E1B71E8}
		{E9334770-778B-4482-8E35-2FEC99AF7046} = {B928A20A-4765-4DED-AA05-5754837A85A0}
		{8D7A4C0E-F255-47F4-A429-5D324DB79D61} = {5CC7C792-CA64-446D-8921-4B2ED251204C}
		{ED05BC7A-988E-4294-B152-651E416A62FA} = {0085A1BD-2595-4C3F-BCA2-1B665A8D0C61}
		{B6F4A147-B109-4D7A-991C-647E52C921A7} = {02EA681E-C7D8-13C7-8484-4AC65E1B71E8}
		{70A742FF-4173-4E00-B774-FB2B140B3EEB} = {02EA681E-C7D8-13C7-8484-4AC65E1B71E8}
		{C06E5444-36C9-4B86-99F0-3F8731F93A28} = {02EA681E-C7D8-13C7-8484-4AC65E1B71E8}
		{D6F382C1-DF75-4B28-959C-B60E7EAAB784} = {02EA681E-C7D8-13C7-8484-4AC65E1B71E8}
		{A36B383D-BA47-4DFE-8144-C4EF5725A9C8} = {02EA681E-C7D8-13C7-8484-4AC65E1B71E8}
		{EDCD1E43-CE8E-45F5-BAF8-18B79608BFF1} = {02EA681E-C7D8-13C7-8484-4AC65E1B71E8}
		{B4675A06-3014-4331-9234-EB0D48359585} = {02EA681E-C7D8-13C7-8484-4AC65E1B71E8}
		{0AF0E73E-4A36-4CE8-A8E7-1DD5294BF441} = {02EA681E-C7D8-13C7-8484-4AC65E1B71E8}
		{DEEDEBC1-8859-41BF-A8C4-2E974EDA7BDF} = {5CC7C792-CA64-446D-8921-4B2ED251204C}
		{E8FBAEEE-360E-4545-853A-C8AFE338388A} = {02EA681E-C7D8-13C7-8484-4AC65E1B71E8}
		{EBC80C65-FD80-4182-A07B-BDEE76B62849} = {B928A20A-4765-4DED-AA05-5754837A85A0}
	EndGlobalSection
	GlobalSection(ExtensibilityGlobals) = postSolution
		SolutionGuid = {018162C6-770B-4929-B4BF-7DA2A4D1AB51}
	EndGlobalSection
EndGlobal
